// !$*UTF8*$!
{
	archiveVersion = 1;
	classes = {
	};
	objectVersion = 46;
	objects = {

/* Begin PBXBuildFile section */
		930A76AC18E4CDD000D4E046 /* MainWindowViewController.m in Sources */ = {isa = PBXBuildFile; fileRef = 930A76AB18E4CDD000D4E046 /* MainWindowViewController.m */; };
		93202F8C18E87D9D0004B29D /* deletepage.tif in Resources */ = {isa = PBXBuildFile; fileRef = 93202F8A18E87D9D0004B29D /* deletepage.tif */; };
		93202F8D18E87D9D0004B29D /* exportNote.tif in Resources */ = {isa = PBXBuildFile; fileRef = 93202F8B18E87D9D0004B29D /* exportNote.tif */; };
		9322261018D5121900A43D5D /* Helper.m in Sources */ = {isa = PBXBuildFile; fileRef = 9322260F18D5121900A43D5D /* Helper.m */; };
		93315D79189B1A87007EAC1F /* Cocoa.framework in Frameworks */ = {isa = PBXBuildFile; fileRef = 93315D78189B1A87007EAC1F /* Cocoa.framework */; };
		93315D83189B1A87007EAC1F /* InfoPlist.strings in Resources */ = {isa = PBXBuildFile; fileRef = 93315D81189B1A87007EAC1F /* InfoPlist.strings */; };
		93315D85189B1A87007EAC1F /* main.m in Sources */ = {isa = PBXBuildFile; fileRef = 93315D84189B1A87007EAC1F /* main.m */; };
		93315D89189B1A87007EAC1F /* Credits.rtf in Resources */ = {isa = PBXBuildFile; fileRef = 93315D87189B1A87007EAC1F /* Credits.rtf */; };
		93315D8C189B1A87007EAC1F /* AppDelegate.m in Sources */ = {isa = PBXBuildFile; fileRef = 93315D8B189B1A87007EAC1F /* AppDelegate.m */; };
		93315D8F189B1A87007EAC1F /* MainMenu.xib in Resources */ = {isa = PBXBuildFile; fileRef = 93315D8D189B1A87007EAC1F /* MainMenu.xib */; };
		93315D92189B1A87007EAC1F /* ScratchPad.xcdatamodeld in Sources */ = {isa = PBXBuildFile; fileRef = 93315D90189B1A87007EAC1F /* ScratchPad.xcdatamodeld */; };
		93315D94189B1A87007EAC1F /* Images.xcassets in Resources */ = {isa = PBXBuildFile; fileRef = 93315D93189B1A87007EAC1F /* Images.xcassets */; };
		93315D9B189B1A87007EAC1F /* XCTest.framework in Frameworks */ = {isa = PBXBuildFile; fileRef = 93315D9A189B1A87007EAC1F /* XCTest.framework */; };
		93315D9C189B1A87007EAC1F /* Cocoa.framework in Frameworks */ = {isa = PBXBuildFile; fileRef = 93315D78189B1A87007EAC1F /* Cocoa.framework */; };
		93315DA4189B1A87007EAC1F /* InfoPlist.strings in Resources */ = {isa = PBXBuildFile; fileRef = 93315DA2189B1A87007EAC1F /* InfoPlist.strings */; };
		93315DA6189B1A87007EAC1F /* ScratchPadTests.m in Sources */ = {isa = PBXBuildFile; fileRef = 93315DA5189B1A87007EAC1F /* ScratchPadTests.m */; };
		9331D3DF18D0914A001320E5 /* TextViewController.m in Sources */ = {isa = PBXBuildFile; fileRef = 9331D3DD18D0914A001320E5 /* TextViewController.m */; };
		9331D3E018D0914A001320E5 /* TextViewController.xib in Resources */ = {isa = PBXBuildFile; fileRef = 9331D3DE18D0914A001320E5 /* TextViewController.xib */; };
		9331D3E418D0962C001320E5 /* MainViewController.m in Sources */ = {isa = PBXBuildFile; fileRef = 9331D3E318D0962C001320E5 /* MainViewController.m */; };
		934A742918D0C41D0046DDBE /* PageListViewController.m in Sources */ = {isa = PBXBuildFile; fileRef = 934A742718D0C41D0046DDBE /* PageListViewController.m */; };
		93759ACD191451AB00B38F19 /* PreferencesViewController.m in Sources */ = {isa = PBXBuildFile; fileRef = 93759ACC191451AB00B38F19 /* PreferencesViewController.m */; };
		93B4BB8618E3B44E00C43245 /* NoteController.m in Sources */ = {isa = PBXBuildFile; fileRef = 93B4BB8518E3B44E00C43245 /* NoteController.m */; };
		93CDEF4718D25DBD002909D8 /* PageListViewController.xib in Resources */ = {isa = PBXBuildFile; fileRef = 93CDEF4618D25DBD002909D8 /* PageListViewController.xib */; };
/* End PBXBuildFile section */

/* Begin PBXContainerItemProxy section */
		93315D9D189B1A87007EAC1F /* PBXContainerItemProxy */ = {
			isa = PBXContainerItemProxy;
			containerPortal = 93315D6D189B1A87007EAC1F /* Project object */;
			proxyType = 1;
			remoteGlobalIDString = 93315D74189B1A87007EAC1F;
			remoteInfo = ScratchPad;
		};
/* End PBXContainerItemProxy section */

/* Begin PBXFileReference section */
		930A76AA18E4CDD000D4E046 /* MainWindowViewController.h */ = {isa = PBXFileReference; fileEncoding = 4; lastKnownFileType = sourcecode.c.h; path = MainWindowViewController.h; sourceTree = "<group>"; };
		930A76AB18E4CDD000D4E046 /* MainWindowViewController.m */ = {isa = PBXFileReference; fileEncoding = 4; lastKnownFileType = sourcecode.c.objc; path = MainWindowViewController.m; sourceTree = "<group>"; };
		93202F8A18E87D9D0004B29D /* deletepage.tif */ = {isa = PBXFileReference; lastKnownFileType = image.tiff; path = deletepage.tif; sourceTree = "<group>"; };
		93202F8B18E87D9D0004B29D /* exportNote.tif */ = {isa = PBXFileReference; lastKnownFileType = image.tiff; path = exportNote.tif; sourceTree = "<group>"; };
		9322260E18D5121900A43D5D /* Helper.h */ = {isa = PBXFileReference; fileEncoding = 4; lastKnownFileType = sourcecode.c.h; path = Helper.h; sourceTree = "<group>"; };
		9322260F18D5121900A43D5D /* Helper.m */ = {isa = PBXFileReference; fileEncoding = 4; lastKnownFileType = sourcecode.c.objc; path = Helper.m; sourceTree = "<group>"; wrapsLines = 0; };
		93315D75189B1A87007EAC1F /* ScratchPad.app */ = {isa = PBXFileReference; explicitFileType = wrapper.application; includeInIndex = 0; path = ScratchPad.app; sourceTree = BUILT_PRODUCTS_DIR; };
		93315D78189B1A87007EAC1F /* Cocoa.framework */ = {isa = PBXFileReference; lastKnownFileType = wrapper.framework; name = Cocoa.framework; path = System/Library/Frameworks/Cocoa.framework; sourceTree = SDKROOT; };
		93315D7B189B1A87007EAC1F /* AppKit.framework */ = {isa = PBXFileReference; lastKnownFileType = wrapper.framework; name = AppKit.framework; path = System/Library/Frameworks/AppKit.framework; sourceTree = SDKROOT; };
		93315D7C189B1A87007EAC1F /* CoreData.framework */ = {isa = PBXFileReference; lastKnownFileType = wrapper.framework; name = CoreData.framework; path = System/Library/Frameworks/CoreData.framework; sourceTree = SDKROOT; };
		93315D7D189B1A87007EAC1F /* Foundation.framework */ = {isa = PBXFileReference; lastKnownFileType = wrapper.framework; name = Foundation.framework; path = System/Library/Frameworks/Foundation.framework; sourceTree = SDKROOT; };
		93315D80189B1A87007EAC1F /* ScratchPad-Info.plist */ = {isa = PBXFileReference; lastKnownFileType = text.plist.xml; path = "ScratchPad-Info.plist"; sourceTree = "<group>"; };
		93315D82189B1A87007EAC1F /* en */ = {isa = PBXFileReference; lastKnownFileType = text.plist.strings; name = en; path = en.lproj/InfoPlist.strings; sourceTree = "<group>"; };
		93315D84189B1A87007EAC1F /* main.m */ = {isa = PBXFileReference; lastKnownFileType = sourcecode.c.objc; path = main.m; sourceTree = "<group>"; };
		93315D86189B1A87007EAC1F /* ScratchPad-Prefix.pch */ = {isa = PBXFileReference; lastKnownFileType = sourcecode.c.h; path = "ScratchPad-Prefix.pch"; sourceTree = "<group>"; };
		93315D88189B1A87007EAC1F /* en */ = {isa = PBXFileReference; lastKnownFileType = text.rtf; name = en; path = en.lproj/Credits.rtf; sourceTree = "<group>"; };
		93315D8A189B1A87007EAC1F /* AppDelegate.h */ = {isa = PBXFileReference; lastKnownFileType = sourcecode.c.h; path = AppDelegate.h; sourceTree = "<group>"; };
		93315D8B189B1A87007EAC1F /* AppDelegate.m */ = {isa = PBXFileReference; lastKnownFileType = sourcecode.c.objc; path = AppDelegate.m; sourceTree = "<group>"; };
		93315D8E189B1A87007EAC1F /* Base */ = {isa = PBXFileReference; lastKnownFileType = file.xib; name = Base; path = Base.lproj/MainMenu.xib; sourceTree = "<group>"; };
		93315D91189B1A87007EAC1F /* ScratchPad.xcdatamodel */ = {isa = PBXFileReference; lastKnownFileType = wrapper.xcdatamodel; path = ScratchPad.xcdatamodel; sourceTree = "<group>"; };
		93315D93189B1A87007EAC1F /* Images.xcassets */ = {isa = PBXFileReference; lastKnownFileType = folder.assetcatalog; path = Images.xcassets; sourceTree = "<group>"; };
		93315D99189B1A87007EAC1F /* ScratchPadTests.xctest */ = {isa = PBXFileReference; explicitFileType = wrapper.cfbundle; includeInIndex = 0; path = ScratchPadTests.xctest; sourceTree = BUILT_PRODUCTS_DIR; };
		93315D9A189B1A87007EAC1F /* XCTest.framework */ = {isa = PBXFileReference; lastKnownFileType = wrapper.framework; name = XCTest.framework; path = Library/Frameworks/XCTest.framework; sourceTree = DEVELOPER_DIR; };
		93315DA1189B1A87007EAC1F /* ScratchPadTests-Info.plist */ = {isa = PBXFileReference; lastKnownFileType = text.plist.xml; path = "ScratchPadTests-Info.plist"; sourceTree = "<group>"; };
		93315DA3189B1A87007EAC1F /* en */ = {isa = PBXFileReference; lastKnownFileType = text.plist.strings; name = en; path = en.lproj/InfoPlist.strings; sourceTree = "<group>"; };
		93315DA5189B1A87007EAC1F /* ScratchPadTests.m */ = {isa = PBXFileReference; lastKnownFileType = sourcecode.c.objc; path = ScratchPadTests.m; sourceTree = "<group>"; };
		93315DAF189B1AC2007EAC1F /* ScratchPad.entitlements */ = {isa = PBXFileReference; lastKnownFileType = text.xml; path = ScratchPad.entitlements; sourceTree = "<group>"; };
		9331D3DC18D0914A001320E5 /* TextViewController.h */ = {isa = PBXFileReference; fileEncoding = 4; lastKnownFileType = sourcecode.c.h; path = TextViewController.h; sourceTree = "<group>"; };
		9331D3DD18D0914A001320E5 /* TextViewController.m */ = {isa = PBXFileReference; fileEncoding = 4; lastKnownFileType = sourcecode.c.objc; path = TextViewController.m; sourceTree = "<group>"; };
		9331D3DE18D0914A001320E5 /* TextViewController.xib */ = {isa = PBXFileReference; fileEncoding = 4; lastKnownFileType = file.xib; path = TextViewController.xib; sourceTree = "<group>"; };
		9331D3E218D0962C001320E5 /* MainViewController.h */ = {isa = PBXFileReference; fileEncoding = 4; lastKnownFileType = sourcecode.c.h; path = MainViewController.h; sourceTree = "<group>"; };
		9331D3E318D0962C001320E5 /* MainViewController.m */ = {isa = PBXFileReference; fileEncoding = 4; lastKnownFileType = sourcecode.c.objc; path = MainViewController.m; sourceTree = "<group>"; };
		934A742618D0C41D0046DDBE /* PageListViewController.h */ = {isa = PBXFileReference; fileEncoding = 4; lastKnownFileType = sourcecode.c.h; path = PageListViewController.h; sourceTree = "<group>"; };
		934A742718D0C41D0046DDBE /* PageListViewController.m */ = {isa = PBXFileReference; fileEncoding = 4; lastKnownFileType = sourcecode.c.objc; path = PageListViewController.m; sourceTree = "<group>"; wrapsLines = 0; };
		93759ACB191451AB00B38F19 /* PreferencesViewController.h */ = {isa = PBXFileReference; fileEncoding = 4; lastKnownFileType = sourcecode.c.h; path = PreferencesViewController.h; sourceTree = "<group>"; };
		93759ACC191451AB00B38F19 /* PreferencesViewController.m */ = {isa = PBXFileReference; fileEncoding = 4; lastKnownFileType = sourcecode.c.objc; path = PreferencesViewController.m; sourceTree = "<group>"; };
		93B4BB8418E3B44E00C43245 /* NoteController.h */ = {isa = PBXFileReference; fileEncoding = 4; lastKnownFileType = sourcecode.c.h; path = NoteController.h; sourceTree = "<group>"; };
		93B4BB8518E3B44E00C43245 /* NoteController.m */ = {isa = PBXFileReference; fileEncoding = 4; lastKnownFileType = sourcecode.c.objc; path = NoteController.m; sourceTree = "<group>"; wrapsLines = 0; };
		93CDEF4618D25DBD002909D8 /* PageListViewController.xib */ = {isa = PBXFileReference; fileEncoding = 4; lastKnownFileType = file.xib; path = PageListViewController.xib; sourceTree = "<group>"; };
/* End PBXFileReference section */

/* Begin PBXFrameworksBuildPhase section */
		93315D72189B1A87007EAC1F /* Frameworks */ = {
			isa = PBXFrameworksBuildPhase;
			buildActionMask = 2147483647;
			files = (
				93315D79189B1A87007EAC1F /* Cocoa.framework in Frameworks */,
			);
			runOnlyForDeploymentPostprocessing = 0;
		};
		93315D96189B1A87007EAC1F /* Frameworks */ = {
			isa = PBXFrameworksBuildPhase;
			buildActionMask = 2147483647;
			files = (
				93315D9C189B1A87007EAC1F /* Cocoa.framework in Frameworks */,
				93315D9B189B1A87007EAC1F /* XCTest.framework in Frameworks */,
			);
			runOnlyForDeploymentPostprocessing = 0;
		};
/* End PBXFrameworksBuildPhase section */

/* Begin PBXGroup section */
		93202F8918E87D8A0004B29D /* Images */ = {
			isa = PBXGroup;
			children = (
				93202F8A18E87D9D0004B29D /* deletepage.tif */,
				93202F8B18E87D9D0004B29D /* exportNote.tif */,
			);
			name = Images;
			sourceTree = "<group>";
		};
		93315D6C189B1A87007EAC1F = {
			isa = PBXGroup;
			children = (
				93315D7E189B1A87007EAC1F /* ScratchPad */,
				93315D9F189B1A87007EAC1F /* ScratchPadTests */,
				93315D77189B1A87007EAC1F /* Frameworks */,
				93315D76189B1A87007EAC1F /* Products */,
			);
			sourceTree = "<group>";
		};
		93315D76189B1A87007EAC1F /* Products */ = {
			isa = PBXGroup;
			children = (
				93315D75189B1A87007EAC1F /* ScratchPad.app */,
				93315D99189B1A87007EAC1F /* ScratchPadTests.xctest */,
			);
			name = Products;
			sourceTree = "<group>";
		};
		93315D77189B1A87007EAC1F /* Frameworks */ = {
			isa = PBXGroup;
			children = (
				93315D78189B1A87007EAC1F /* Cocoa.framework */,
				93315D9A189B1A87007EAC1F /* XCTest.framework */,
				93315D7A189B1A87007EAC1F /* Other Frameworks */,
			);
			name = Frameworks;
			sourceTree = "<group>";
		};
		93315D7A189B1A87007EAC1F /* Other Frameworks */ = {
			isa = PBXGroup;
			children = (
				93315D7B189B1A87007EAC1F /* AppKit.framework */,
				93315D7C189B1A87007EAC1F /* CoreData.framework */,
				93315D7D189B1A87007EAC1F /* Foundation.framework */,
			);
			name = "Other Frameworks";
			sourceTree = "<group>";
		};
		93315D7E189B1A87007EAC1F /* ScratchPad */ = {
			isa = PBXGroup;
			children = (
				93315DAF189B1AC2007EAC1F /* ScratchPad.entitlements */,
				934788AC18E4CE7300041EDE /* MainWindow */,
				93315D8A189B1A87007EAC1F /* AppDelegate.h */,
				93315D8B189B1A87007EAC1F /* AppDelegate.m */,
				9322260E18D5121900A43D5D /* Helper.h */,
				9322260F18D5121900A43D5D /* Helper.m */,
				93B4BB8418E3B44E00C43245 /* NoteController.h */,
				93B4BB8518E3B44E00C43245 /* NoteController.m */,
				9331D3E118D093D9001320E5 /* TextView */,
				934A742B18D0C4200046DDBE /* PageList */,
				93759ACB191451AB00B38F19 /* PreferencesViewController.h */,
				93759ACC191451AB00B38F19 /* PreferencesViewController.m */,
				93315D93189B1A87007EAC1F /* Images.xcassets */,
				93315D90189B1A87007EAC1F /* ScratchPad.xcdatamodeld */,
				93315D7F189B1A87007EAC1F /* Supporting Files */,
			);
			path = ScratchPad;
			sourceTree = "<group>";
		};
		93315D7F189B1A87007EAC1F /* Supporting Files */ = {
			isa = PBXGroup;
			children = (
				93202F8918E87D8A0004B29D /* Images */,
				93315D80189B1A87007EAC1F /* ScratchPad-Info.plist */,
				93315D81189B1A87007EAC1F /* InfoPlist.strings */,
				93315D84189B1A87007EAC1F /* main.m */,
				93315D86189B1A87007EAC1F /* ScratchPad-Prefix.pch */,
				93315D87189B1A87007EAC1F /* Credits.rtf */,
			);
			name = "Supporting Files";
			sourceTree = "<group>";
		};
		93315D9F189B1A87007EAC1F /* ScratchPadTests */ = {
			isa = PBXGroup;
			children = (
				93315DA5189B1A87007EAC1F /* ScratchPadTests.m */,
				93315DA0189B1A87007EAC1F /* Supporting Files */,
			);
			path = ScratchPadTests;
			sourceTree = "<group>";
		};
		93315DA0189B1A87007EAC1F /* Supporting Files */ = {
			isa = PBXGroup;
			children = (
				93315DA1189B1A87007EAC1F /* ScratchPadTests-Info.plist */,
				93315DA2189B1A87007EAC1F /* InfoPlist.strings */,
			);
			name = "Supporting Files";
			sourceTree = "<group>";
		};
		9331D3E118D093D9001320E5 /* TextView */ = {
			isa = PBXGroup;
			children = (
				9331D3DC18D0914A001320E5 /* TextViewController.h */,
				9331D3DD18D0914A001320E5 /* TextViewController.m */,
				9331D3DE18D0914A001320E5 /* TextViewController.xib */,
			);
			name = TextView;
			sourceTree = "<group>";
		};
		934788AC18E4CE7300041EDE /* MainWindow */ = {
			isa = PBXGroup;
			children = (
				93315D8D189B1A87007EAC1F /* MainMenu.xib */,
				930A76AA18E4CDD000D4E046 /* MainWindowViewController.h */,
				930A76AB18E4CDD000D4E046 /* MainWindowViewController.m */,
				9331D3E218D0962C001320E5 /* MainViewController.h */,
				9331D3E318D0962C001320E5 /* MainViewController.m */,
			);
			name = MainWindow;
			sourceTree = "<group>";
		};
		934A742B18D0C4200046DDBE /* PageList */ = {
			isa = PBXGroup;
			children = (
				934A742618D0C41D0046DDBE /* PageListViewController.h */,
				934A742718D0C41D0046DDBE /* PageListViewController.m */,
				93CDEF4618D25DBD002909D8 /* PageListViewController.xib */,
			);
			name = PageList;
			sourceTree = "<group>";
		};
/* End PBXGroup section */

/* Begin PBXNativeTarget section */
		93315D74189B1A87007EAC1F /* ScratchPad */ = {
			isa = PBXNativeTarget;
			buildConfigurationList = 93315DA9189B1A87007EAC1F /* Build configuration list for PBXNativeTarget "ScratchPad" */;
			buildPhases = (
				93315D71189B1A87007EAC1F /* Sources */,
				93315D72189B1A87007EAC1F /* Frameworks */,
				93315D73189B1A87007EAC1F /* Resources */,
			);
			buildRules = (
			);
			dependencies = (
			);
			name = ScratchPad;
			productName = ScratchPad;
			productReference = 93315D75189B1A87007EAC1F /* ScratchPad.app */;
			productType = "com.apple.product-type.application";
		};
		93315D98189B1A87007EAC1F /* ScratchPadTests */ = {
			isa = PBXNativeTarget;
			buildConfigurationList = 93315DAC189B1A87007EAC1F /* Build configuration list for PBXNativeTarget "ScratchPadTests" */;
			buildPhases = (
				93315D95189B1A87007EAC1F /* Sources */,
				93315D96189B1A87007EAC1F /* Frameworks */,
				93315D97189B1A87007EAC1F /* Resources */,
			);
			buildRules = (
			);
			dependencies = (
				93315D9E189B1A87007EAC1F /* PBXTargetDependency */,
			);
			name = ScratchPadTests;
			productName = ScratchPadTests;
			productReference = 93315D99189B1A87007EAC1F /* ScratchPadTests.xctest */;
			productType = "com.apple.product-type.bundle.unit-test";
		};
/* End PBXNativeTarget section */

/* Begin PBXProject section */
		93315D6D189B1A87007EAC1F /* Project object */ = {
			isa = PBXProject;
			attributes = {
				CLASSPREFIX = "";
				LastUpgradeCheck = 0510;
				ORGANIZATIONNAME = "Alex Seifert";
				TargetAttributes = {
					93315D74189B1A87007EAC1F = {
						SystemCapabilities = {
							com.apple.Sandbox = {
								enabled = 0;
							};
						};
					};
					93315D98189B1A87007EAC1F = {
						TestTargetID = 93315D74189B1A87007EAC1F;
					};
				};
			};
			buildConfigurationList = 93315D70189B1A87007EAC1F /* Build configuration list for PBXProject "ScratchPad" */;
			compatibilityVersion = "Xcode 3.2";
			developmentRegion = English;
			hasScannedForEncodings = 0;
			knownRegions = (
				en,
				Base,
			);
			mainGroup = 93315D6C189B1A87007EAC1F;
			productRefGroup = 93315D76189B1A87007EAC1F /* Products */;
			projectDirPath = "";
			projectRoot = "";
			targets = (
				93315D74189B1A87007EAC1F /* ScratchPad */,
				93315D98189B1A87007EAC1F /* ScratchPadTests */,
			);
		};
/* End PBXProject section */

/* Begin PBXResourcesBuildPhase section */
		93315D73189B1A87007EAC1F /* Resources */ = {
			isa = PBXResourcesBuildPhase;
			buildActionMask = 2147483647;
			files = (
				93315D83189B1A87007EAC1F /* InfoPlist.strings in Resources */,
				93315D94189B1A87007EAC1F /* Images.xcassets in Resources */,
				93315D89189B1A87007EAC1F /* Credits.rtf in Resources */,
				93CDEF4718D25DBD002909D8 /* PageListViewController.xib in Resources */,
				93315D8F189B1A87007EAC1F /* MainMenu.xib in Resources */,
				93202F8C18E87D9D0004B29D /* deletepage.tif in Resources */,
				9331D3E018D0914A001320E5 /* TextViewController.xib in Resources */,
				93202F8D18E87D9D0004B29D /* exportNote.tif in Resources */,
			);
			runOnlyForDeploymentPostprocessing = 0;
		};
		93315D97189B1A87007EAC1F /* Resources */ = {
			isa = PBXResourcesBuildPhase;
			buildActionMask = 2147483647;
			files = (
				93315DA4189B1A87007EAC1F /* InfoPlist.strings in Resources */,
			);
			runOnlyForDeploymentPostprocessing = 0;
		};
/* End PBXResourcesBuildPhase section */

/* Begin PBXSourcesBuildPhase section */
		93315D71189B1A87007EAC1F /* Sources */ = {
			isa = PBXSourcesBuildPhase;
			buildActionMask = 2147483647;
			files = (
				9331D3DF18D0914A001320E5 /* TextViewController.m in Sources */,
				93315D92189B1A87007EAC1F /* ScratchPad.xcdatamodeld in Sources */,
				93315D85189B1A87007EAC1F /* main.m in Sources */,
				930A76AC18E4CDD000D4E046 /* MainWindowViewController.m in Sources */,
				9331D3E418D0962C001320E5 /* MainViewController.m in Sources */,
				9322261018D5121900A43D5D /* Helper.m in Sources */,
				93B4BB8618E3B44E00C43245 /* NoteController.m in Sources */,
				93759ACD191451AB00B38F19 /* PreferencesViewController.m in Sources */,
				93315D8C189B1A87007EAC1F /* AppDelegate.m in Sources */,
				934A742918D0C41D0046DDBE /* PageListViewController.m in Sources */,
			);
			runOnlyForDeploymentPostprocessing = 0;
		};
		93315D95189B1A87007EAC1F /* Sources */ = {
			isa = PBXSourcesBuildPhase;
			buildActionMask = 2147483647;
			files = (
				93315DA6189B1A87007EAC1F /* ScratchPadTests.m in Sources */,
			);
			runOnlyForDeploymentPostprocessing = 0;
		};
/* End PBXSourcesBuildPhase section */

/* Begin PBXTargetDependency section */
		93315D9E189B1A87007EAC1F /* PBXTargetDependency */ = {
			isa = PBXTargetDependency;
			target = 93315D74189B1A87007EAC1F /* ScratchPad */;
			targetProxy = 93315D9D189B1A87007EAC1F /* PBXContainerItemProxy */;
		};
/* End PBXTargetDependency section */

/* Begin PBXVariantGroup section */
		93315D81189B1A87007EAC1F /* InfoPlist.strings */ = {
			isa = PBXVariantGroup;
			children = (
				93315D82189B1A87007EAC1F /* en */,
			);
			name = InfoPlist.strings;
			sourceTree = "<group>";
		};
		93315D87189B1A87007EAC1F /* Credits.rtf */ = {
			isa = PBXVariantGroup;
			children = (
				93315D88189B1A87007EAC1F /* en */,
			);
			name = Credits.rtf;
			sourceTree = "<group>";
		};
		93315D8D189B1A87007EAC1F /* MainMenu.xib */ = {
			isa = PBXVariantGroup;
			children = (
				93315D8E189B1A87007EAC1F /* Base */,
			);
			name = MainMenu.xib;
			sourceTree = "<group>";
		};
		93315DA2189B1A87007EAC1F /* InfoPlist.strings */ = {
			isa = PBXVariantGroup;
			children = (
				93315DA3189B1A87007EAC1F /* en */,
			);
			name = InfoPlist.strings;
			sourceTree = "<group>";
		};
/* End PBXVariantGroup section */

/* Begin XCBuildConfiguration section */
		93315DA7189B1A87007EAC1F /* Debug */ = {
			isa = XCBuildConfiguration;
			buildSettings = {
				ALWAYS_SEARCH_USER_PATHS = NO;
				CLANG_CXX_LANGUAGE_STANDARD = "gnu++0x";
				CLANG_CXX_LIBRARY = "libc++";
				CLANG_ENABLE_OBJC_ARC = YES;
				CLANG_WARN_BOOL_CONVERSION = YES;
				CLANG_WARN_CONSTANT_CONVERSION = YES;
				CLANG_WARN_DIRECT_OBJC_ISA_USAGE = YES_ERROR;
				CLANG_WARN_EMPTY_BODY = YES;
				CLANG_WARN_ENUM_CONVERSION = YES;
				CLANG_WARN_INT_CONVERSION = YES;
				CLANG_WARN_OBJC_ROOT_CLASS = YES_ERROR;
				CLANG_WARN__DUPLICATE_METHOD_MATCH = YES;
				COPY_PHASE_STRIP = NO;
				GCC_C_LANGUAGE_STANDARD = gnu99;
				GCC_DYNAMIC_NO_PIC = NO;
				GCC_ENABLE_OBJC_EXCEPTIONS = YES;
				GCC_OPTIMIZATION_LEVEL = 0;
				GCC_PREPROCESSOR_DEFINITIONS = (
					"DEBUG=1",
					"$(inherited)",
				);
				GCC_SYMBOLS_PRIVATE_EXTERN = NO;
				GCC_WARN_64_TO_32_BIT_CONVERSION = YES;
				GCC_WARN_ABOUT_RETURN_TYPE = YES_ERROR;
				GCC_WARN_UNDECLARED_SELECTOR = YES;
				GCC_WARN_UNINITIALIZED_AUTOS = YES;
				GCC_WARN_UNUSED_FUNCTION = YES;
				GCC_WARN_UNUSED_VARIABLE = YES;
				MACOSX_DEPLOYMENT_TARGET = 10.7;
				ONLY_ACTIVE_ARCH = YES;
				SDKROOT = macosx;
			};
			name = Debug;
		};
		93315DA8189B1A87007EAC1F /* Release */ = {
			isa = XCBuildConfiguration;
			buildSettings = {
				ALWAYS_SEARCH_USER_PATHS = NO;
				CLANG_CXX_LANGUAGE_STANDARD = "gnu++0x";
				CLANG_CXX_LIBRARY = "libc++";
				CLANG_ENABLE_OBJC_ARC = YES;
				CLANG_WARN_BOOL_CONVERSION = YES;
				CLANG_WARN_CONSTANT_CONVERSION = YES;
				CLANG_WARN_DIRECT_OBJC_ISA_USAGE = YES_ERROR;
				CLANG_WARN_EMPTY_BODY = YES;
				CLANG_WARN_ENUM_CONVERSION = YES;
				CLANG_WARN_INT_CONVERSION = YES;
				CLANG_WARN_OBJC_ROOT_CLASS = YES_ERROR;
				CLANG_WARN__DUPLICATE_METHOD_MATCH = YES;
				COPY_PHASE_STRIP = YES;
				DEBUG_INFORMATION_FORMAT = "dwarf-with-dsym";
				ENABLE_NS_ASSERTIONS = NO;
				GCC_C_LANGUAGE_STANDARD = gnu99;
				GCC_ENABLE_OBJC_EXCEPTIONS = YES;
				GCC_WARN_64_TO_32_BIT_CONVERSION = YES;
				GCC_WARN_ABOUT_RETURN_TYPE = YES_ERROR;
				GCC_WARN_UNDECLARED_SELECTOR = YES;
				GCC_WARN_UNINITIALIZED_AUTOS = YES;
				GCC_WARN_UNUSED_FUNCTION = YES;
				GCC_WARN_UNUSED_VARIABLE = YES;
				MACOSX_DEPLOYMENT_TARGET = 10.7;
				SDKROOT = macosx;
			};
			name = Release;
		};
		93315DAA189B1A87007EAC1F /* Debug */ = {
			isa = XCBuildConfiguration;
			buildSettings = {
				ASSETCATALOG_COMPILER_APPICON_NAME = AppIcon;
				CODE_SIGN_IDENTITY = "-";
				COMBINE_HIDPI_IMAGES = YES;
				GCC_PRECOMPILE_PREFIX_HEADER = YES;
				GCC_PREFIX_HEADER = "ScratchPad/ScratchPad-Prefix.pch";
				INFOPLIST_FILE = "ScratchPad/ScratchPad-Info.plist";
				MACOSX_DEPLOYMENT_TARGET = 10.7;
				PRODUCT_NAME = "$(TARGET_NAME)";
				SDKROOT = macosx10.8;
				WRAPPER_EXTENSION = app;
			};
			name = Debug;
		};
		93315DAB189B1A87007EAC1F /* Release */ = {
			isa = XCBuildConfiguration;
			buildSettings = {
				ASSETCATALOG_COMPILER_APPICON_NAME = AppIcon;
				CODE_SIGN_IDENTITY = "-";
				COMBINE_HIDPI_IMAGES = YES;
				GCC_PRECOMPILE_PREFIX_HEADER = YES;
				GCC_PREFIX_HEADER = "ScratchPad/ScratchPad-Prefix.pch";
				INFOPLIST_FILE = "ScratchPad/ScratchPad-Info.plist";
				MACOSX_DEPLOYMENT_TARGET = 10.7;
				PRODUCT_NAME = "$(TARGET_NAME)";
				SDKROOT = macosx10.8;
				WRAPPER_EXTENSION = app;
			};
			name = Release;
		};
		93315DAD189B1A87007EAC1F /* Debug */ = {
			isa = XCBuildConfiguration;
			buildSettings = {
				BUNDLE_LOADER = "$(BUILT_PRODUCTS_DIR)/ScratchPad.app/Contents/MacOS/ScratchPad";
				COMBINE_HIDPI_IMAGES = YES;
				FRAMEWORK_SEARCH_PATHS = (
					"$(DEVELOPER_FRAMEWORKS_DIR)",
					"$(inherited)",
				);
				GCC_PRECOMPILE_PREFIX_HEADER = YES;
				GCC_PREFIX_HEADER = "ScratchPad/ScratchPad-Prefix.pch";
				GCC_PREPROCESSOR_DEFINITIONS = (
					"DEBUG=1",
					"$(inherited)",
				);
				INFOPLIST_FILE = "ScratchPadTests/ScratchPadTests-Info.plist";
				PRODUCT_NAME = "$(TARGET_NAME)";
				TEST_HOST = "$(BUNDLE_LOADER)";
				WRAPPER_EXTENSION = xctest;
			};
			name = Debug;
		};
		93315DAE189B1A87007EAC1F /* Release */ = {
			isa = XCBuildConfiguration;
			buildSettings = {
				BUNDLE_LOADER = "$(BUILT_PRODUCTS_DIR)/ScratchPad.app/Contents/MacOS/ScratchPad";
				COMBINE_HIDPI_IMAGES = YES;
				FRAMEWORK_SEARCH_PATHS = (
					"$(DEVELOPER_FRAMEWORKS_DIR)",
					"$(inherited)",
				);
				GCC_PRECOMPILE_PREFIX_HEADER = YES;
				GCC_PREFIX_HEADER = "ScratchPad/ScratchPad-Prefix.pch";
				INFOPLIST_FILE = "ScratchPadTests/ScratchPadTests-Info.plist";
				PRODUCT_NAME = "$(TARGET_NAME)";
				TEST_HOST = "$(BUNDLE_LOADER)";
				WRAPPER_EXTENSION = xctest;
			};
			name = Release;
		};
/* End XCBuildConfiguration section */

/* Begin XCConfigurationList section */
		93315D70189B1A87007EAC1F /* Build configuration list for PBXProject "ScratchPad" */ = {
			isa = XCConfigurationList;
			buildConfigurations = (
				93315DA7189B1A87007EAC1F /* Debug */,
				93315DA8189B1A87007EAC1F /* Release */,
			);
			defaultConfigurationIsVisible = 0;
			defaultConfigurationName = Release;
		};
		93315DA9189B1A87007EAC1F /* Build configuration list for PBXNativeTarget "ScratchPad" */ = {
			isa = XCConfigurationList;
			buildConfigurations = (
				93315DAA189B1A87007EAC1F /* Debug */,
				93315DAB189B1A87007EAC1F /* Release */,
			);
			defaultConfigurationIsVisible = 0;
			defaultConfigurationName = Release;
		};
		93315DAC189B1A87007EAC1F /* Build configuration list for PBXNativeTarget "ScratchPadTests" */ = {
			isa = XCConfigurationList;
			buildConfigurations = (
				93315DAD189B1A87007EAC1F /* Debug */,
				93315DAE189B1A87007EAC1F /* Release */,
			);
			defaultConfigurationIsVisible = 0;
			defaultConfigurationName = Release;
		};
/* End XCConfigurationList section */

/* Begin XCVersionGroup section */
		93315D90189B1A87007EAC1F /* ScratchPad.xcdatamodeld */ = {
			isa = XCVersionGroup;
			children = (
				93315D91189B1A87007EAC1F /* ScratchPad.xcdatamodel */,
			);
			currentVersion = 93315D91189B1A87007EAC1F /* ScratchPad.xcdatamodel */;
			path = ScratchPad.xcdatamodeld;
			sourceTree = "<group>";
			versionGroupType = wrapper.xcdatamodel;
		};
/* End XCVersionGroup section */
	};
	rootObject = 93315D6D189B1A87007EAC1F /* Project object */;
}
